// !$*UTF8*$!
{
	archiveVersion = 1;
	classes = {
	};
	objectVersion = 46;
	objects = {

/* Begin PBXBuildFile section */
		5C2E189F22169FF700D1D08E /* SimpleElementDTO.swift in Sources */ = {isa = PBXBuildFile; fileRef = 5C2E189E22169C3200D1D08E /* SimpleElementDTO.swift */; };
		5C2E18A02216ADB100D1D08E /* optionalArrayElements.txt in Resources */ = {isa = PBXBuildFile; fileRef = 5C2E189D22169C1500D1D08E /* optionalArrayElements.txt */; };
		5C2E18A42216BBDD00D1D08E /* keyOptions.txt in Resources */ = {isa = PBXBuildFile; fileRef = 5C2E18A22216BBD400D1D08E /* keyOptions.txt */; };
		5C2E18A52216BE0C00D1D08E /* KeyOptionsExampleDTO.swift in Sources */ = {isa = PBXBuildFile; fileRef = 5C2E18A32216BBD400D1D08E /* KeyOptionsExampleDTO.swift */; };
		5C38031F22157605004F1AE2 /* IndentedObject.swift in Sources */ = {isa = PBXBuildFile; fileRef = 5C38031E22157605004F1AE2 /* IndentedObject.swift */; };
		5C380321221577A7004F1AE2 /* ExampleProtocol.swift in Sources */ = {isa = PBXBuildFile; fileRef = 5C380320221577A7004F1AE2 /* ExampleProtocol.swift */; };
		5C8068F2221408A400FFACC3 /* InitialViewController.swift in Sources */ = {isa = PBXBuildFile; fileRef = 5C8068EA221408A400FFACC3 /* InitialViewController.swift */; };
		5C8068F3221408A400FFACC3 /* LaunchScreen.xib in Resources */ = {isa = PBXBuildFile; fileRef = 5C8068EB221408A400FFACC3 /* LaunchScreen.xib */; };
		5C8068F4221408A400FFACC3 /* Main.storyboard in Resources */ = {isa = PBXBuildFile; fileRef = 5C8068ED221408A400FFACC3 /* Main.storyboard */; };
		5C8068F5221408A400FFACC3 /* Images.xcassets in Resources */ = {isa = PBXBuildFile; fileRef = 5C8068EF221408A400FFACC3 /* Images.xcassets */; };
		5C8068F6221408A400FFACC3 /* AppDelegate.swift in Sources */ = {isa = PBXBuildFile; fileRef = 5C8068F0221408A400FFACC3 /* AppDelegate.swift */; };
		5C8068FD2214098900FFACC3 /* Shared.xcconfig in Resources */ = {isa = PBXBuildFile; fileRef = 5C8068FB2214098900FFACC3 /* Shared.xcconfig */; };
		5C80690622140F8A00FFACC3 /* AppIcon.xcassets in Resources */ = {isa = PBXBuildFile; fileRef = 5C80690522140F8A00FFACC3 /* AppIcon.xcassets */; };
		5C806909221420C100FFACC3 /* Constants.swift in Sources */ = {isa = PBXBuildFile; fileRef = 5C806908221420C100FFACC3 /* Constants.swift */; };
		5C80690D221421EF00FFACC3 /* Localizable.strings in Resources */ = {isa = PBXBuildFile; fileRef = 5C80690F221421EF00FFACC3 /* Localizable.strings */; };
		5CA9C9642215BD7D003EF197 /* allKeys.txt in Resources */ = {isa = PBXBuildFile; fileRef = 5CA9C9632215BD70003EF197 /* allKeys.txt */; };
		5CA9C9662215BE39003EF197 /* PaymentMethodDTO.swift in Sources */ = {isa = PBXBuildFile; fileRef = 5CA9C9652215BE39003EF197 /* PaymentMethodDTO.swift */; };
		5CB99C98228BE20400E829F6 /* arrayMapping.txt in Resources */ = {isa = PBXBuildFile; fileRef = 5CB99C97228BE20300E829F6 /* arrayMapping.txt */; };
		5CB99C9A228BE21900E829F6 /* CountryNames.swift in Sources */ = {isa = PBXBuildFile; fileRef = 5CB99C99228BE21900E829F6 /* CountryNames.swift */; };
		5CBF4589221553FB001152B6 /* ExampleListViewController.swift in Sources */ = {isa = PBXBuildFile; fileRef = 5CBF4588221553FB001152B6 /* ExampleListViewController.swift */; };
		5CBF458C221554FB001152B6 /* ExampleModel.swift in Sources */ = {isa = PBXBuildFile; fileRef = 5CBF458B221554FB001152B6 /* ExampleModel.swift */; };
		5CBF458F221558DE001152B6 /* flatJSON.txt in Resources */ = {isa = PBXBuildFile; fileRef = 5CBF458E221558DE001152B6 /* flatJSON.txt */; };
		5CBF459222155C16001152B6 /* ShopDTO.swift in Sources */ = {isa = PBXBuildFile; fileRef = 5CBF459122155C16001152B6 /* ShopDTO.swift */; };
		5CBF4594221562E3001152B6 /* ExampleDetailViewController.swift in Sources */ = {isa = PBXBuildFile; fileRef = 5CBF4593221562E3001152B6 /* ExampleDetailViewController.swift */; };
		5CC4DDDE228971360044044A /* BoolSpecialCase.swift in Sources */ = {isa = PBXBuildFile; fileRef = 5CC4DDDD22896EE00044044A /* BoolSpecialCase.swift */; };
		5CC4DDDF2289745A0044044A /* boolSpecialCase.txt in Resources */ = {isa = PBXBuildFile; fileRef = 5CC4DDDC22896ECA0044044A /* boolSpecialCase.txt */; };
		771B0C56DF7004F31F80E782 /* libPods-SDOSKeyedCodableSample.a in Frameworks */ = {isa = PBXBuildFile; fileRef = A5660432DFFFA437B81E8FFC /* libPods-SDOSKeyedCodableSample.a */; };
/* End PBXBuildFile section */

/* Begin PBXFileReference section */
		07075BC0257C52CBEE6D95AD /* Pods-SDOSKeyedCodable_Example.debug.xcconfig */ = {isa = PBXFileReference; includeInIndex = 1; lastKnownFileType = text.xcconfig; name = "Pods-SDOSKeyedCodable_Example.debug.xcconfig"; path = "Pods/Target Support Files/Pods-SDOSKeyedCodable_Example/Pods-SDOSKeyedCodable_Example.debug.xcconfig"; sourceTree = "<group>"; };
		511E497A2B99D6922EC7B91C /* libPods-SDOSKeyedCodable_Example.a */ = {isa = PBXFileReference; explicitFileType = archive.ar; includeInIndex = 0; path = "libPods-SDOSKeyedCodable_Example.a"; sourceTree = BUILT_PRODUCTS_DIR; };
		5C2E189D22169C1500D1D08E /* optionalArrayElements.txt */ = {isa = PBXFileReference; lastKnownFileType = text; path = optionalArrayElements.txt; sourceTree = "<group>"; };
		5C2E189E22169C3200D1D08E /* SimpleElementDTO.swift */ = {isa = PBXFileReference; lastKnownFileType = sourcecode.swift; path = SimpleElementDTO.swift; sourceTree = "<group>"; };
		5C2E18A22216BBD400D1D08E /* keyOptions.txt */ = {isa = PBXFileReference; lastKnownFileType = text; path = keyOptions.txt; sourceTree = "<group>"; };
		5C2E18A32216BBD400D1D08E /* KeyOptionsExampleDTO.swift */ = {isa = PBXFileReference; lastKnownFileType = sourcecode.swift; path = KeyOptionsExampleDTO.swift; sourceTree = "<group>"; };
		5C38031E22157605004F1AE2 /* IndentedObject.swift */ = {isa = PBXFileReference; lastKnownFileType = sourcecode.swift; path = IndentedObject.swift; sourceTree = "<group>"; };
		5C380320221577A7004F1AE2 /* ExampleProtocol.swift */ = {isa = PBXFileReference; lastKnownFileType = sourcecode.swift; path = ExampleProtocol.swift; sourceTree = "<group>"; };
		5C8068EA221408A400FFACC3 /* InitialViewController.swift */ = {isa = PBXFileReference; fileEncoding = 4; lastKnownFileType = sourcecode.swift; path = InitialViewController.swift; sourceTree = "<group>"; };
		5C8068EC221408A400FFACC3 /* Base */ = {isa = PBXFileReference; lastKnownFileType = file.xib; name = Base; path = Base.lproj/LaunchScreen.xib; sourceTree = "<group>"; };
		5C8068EE221408A400FFACC3 /* Base */ = {isa = PBXFileReference; lastKnownFileType = file.storyboard; name = Base; path = Base.lproj/Main.storyboard; sourceTree = "<group>"; };
		5C8068EF221408A400FFACC3 /* Images.xcassets */ = {isa = PBXFileReference; lastKnownFileType = folder.assetcatalog; path = Images.xcassets; sourceTree = "<group>"; };
		5C8068F0221408A400FFACC3 /* AppDelegate.swift */ = {isa = PBXFileReference; fileEncoding = 4; lastKnownFileType = sourcecode.swift; path = AppDelegate.swift; sourceTree = "<group>"; };
		5C8068F1221408A400FFACC3 /* Info.plist */ = {isa = PBXFileReference; fileEncoding = 4; lastKnownFileType = text.plist.xml; path = Info.plist; sourceTree = "<group>"; };
		5C8068FB2214098900FFACC3 /* Shared.xcconfig */ = {isa = PBXFileReference; fileEncoding = 4; lastKnownFileType = text.xcconfig; path = Shared.xcconfig; sourceTree = "<group>"; };
		5C8068FE22140A3A00FFACC3 /* App.debug.xcconfig */ = {isa = PBXFileReference; lastKnownFileType = text.xcconfig; path = App.debug.xcconfig; sourceTree = "<group>"; };
		5C80690522140F8A00FFACC3 /* AppIcon.xcassets */ = {isa = PBXFileReference; lastKnownFileType = folder.assetcatalog; path = AppIcon.xcassets; sourceTree = "<group>"; };
		5C806908221420C100FFACC3 /* Constants.swift */ = {isa = PBXFileReference; lastKnownFileType = sourcecode.swift; path = Constants.swift; sourceTree = "<group>"; };
		5C80690E221421EF00FFACC3 /* en */ = {isa = PBXFileReference; lastKnownFileType = text.plist.strings; name = en; path = en.lproj/Localizable.strings; sourceTree = "<group>"; };
		5CA9C9632215BD70003EF197 /* allKeys.txt */ = {isa = PBXFileReference; lastKnownFileType = text; path = allKeys.txt; sourceTree = "<group>"; };
		5CA9C9652215BE39003EF197 /* PaymentMethodDTO.swift */ = {isa = PBXFileReference; lastKnownFileType = sourcecode.swift; path = PaymentMethodDTO.swift; sourceTree = "<group>"; };
		5CB99C97228BE20300E829F6 /* arrayMapping.txt */ = {isa = PBXFileReference; fileEncoding = 4; lastKnownFileType = text; path = arrayMapping.txt; sourceTree = "<group>"; };
		5CB99C99228BE21900E829F6 /* CountryNames.swift */ = {isa = PBXFileReference; lastKnownFileType = sourcecode.swift; path = CountryNames.swift; sourceTree = "<group>"; };
		5CBF4588221553FB001152B6 /* ExampleListViewController.swift */ = {isa = PBXFileReference; lastKnownFileType = sourcecode.swift; path = ExampleListViewController.swift; sourceTree = "<group>"; };
		5CBF458B221554FB001152B6 /* ExampleModel.swift */ = {isa = PBXFileReference; lastKnownFileType = sourcecode.swift; path = ExampleModel.swift; sourceTree = "<group>"; };
		5CBF458E221558DE001152B6 /* flatJSON.txt */ = {isa = PBXFileReference; fileEncoding = 4; lastKnownFileType = text; path = flatJSON.txt; sourceTree = "<group>"; };
		5CBF459122155C16001152B6 /* ShopDTO.swift */ = {isa = PBXFileReference; lastKnownFileType = sourcecode.swift; path = ShopDTO.swift; sourceTree = "<group>"; };
		5CBF4593221562E3001152B6 /* ExampleDetailViewController.swift */ = {isa = PBXFileReference; lastKnownFileType = sourcecode.swift; path = ExampleDetailViewController.swift; sourceTree = "<group>"; };
		5CC4DDDC22896ECA0044044A /* boolSpecialCase.txt */ = {isa = PBXFileReference; lastKnownFileType = text; path = boolSpecialCase.txt; sourceTree = "<group>"; };
		5CC4DDDD22896EE00044044A /* BoolSpecialCase.swift */ = {isa = PBXFileReference; lastKnownFileType = sourcecode.swift; path = BoolSpecialCase.swift; sourceTree = "<group>"; };
		607FACD01AFB9204008FA782 /* SDOSKeyedCodableSample.app */ = {isa = PBXFileReference; explicitFileType = wrapper.application; includeInIndex = 0; path = SDOSKeyedCodableSample.app; sourceTree = BUILT_PRODUCTS_DIR; };
		6734D7DA6BB307ABC1603501 /* Pods-SDOSKeyedCodableSample.debug.xcconfig */ = {isa = PBXFileReference; includeInIndex = 1; lastKnownFileType = text.xcconfig; name = "Pods-SDOSKeyedCodableSample.debug.xcconfig"; path = "Pods/Target Support Files/Pods-SDOSKeyedCodableSample/Pods-SDOSKeyedCodableSample.debug.xcconfig"; sourceTree = "<group>"; };
		A5660432DFFFA437B81E8FFC /* libPods-SDOSKeyedCodableSample.a */ = {isa = PBXFileReference; explicitFileType = archive.ar; includeInIndex = 0; path = "libPods-SDOSKeyedCodableSample.a"; sourceTree = BUILT_PRODUCTS_DIR; };
		AD7C4B16AFF9994FC5DF6759 /* Pods-SDOSKeyedCodableSample.release.xcconfig */ = {isa = PBXFileReference; includeInIndex = 1; lastKnownFileType = text.xcconfig; name = "Pods-SDOSKeyedCodableSample.release.xcconfig"; path = "Pods/Target Support Files/Pods-SDOSKeyedCodableSample/Pods-SDOSKeyedCodableSample.release.xcconfig"; sourceTree = "<group>"; };
		DACC9006D147758014EEB3D8 /* Pods-SDOSKeyedCodable_Example.release.xcconfig */ = {isa = PBXFileReference; includeInIndex = 1; lastKnownFileType = text.xcconfig; name = "Pods-SDOSKeyedCodable_Example.release.xcconfig"; path = "Pods/Target Support Files/Pods-SDOSKeyedCodable_Example/Pods-SDOSKeyedCodable_Example.release.xcconfig"; sourceTree = "<group>"; };
/* End PBXFileReference section */

/* Begin PBXFrameworksBuildPhase section */
		607FACCD1AFB9204008FA782 /* Frameworks */ = {
			isa = PBXFrameworksBuildPhase;
			buildActionMask = 2147483647;
			files = (
				771B0C56DF7004F31F80E782 /* libPods-SDOSKeyedCodableSample.a in Frameworks */,
			);
			runOnlyForDeploymentPostprocessing = 0;
		};
/* End PBXFrameworksBuildPhase section */

/* Begin PBXGroup section */
		49145DB21239E111ABC2B147 /* Pods */ = {
			isa = PBXGroup;
			children = (
				07075BC0257C52CBEE6D95AD /* Pods-SDOSKeyedCodable_Example.debug.xcconfig */,
				DACC9006D147758014EEB3D8 /* Pods-SDOSKeyedCodable_Example.release.xcconfig */,
				6734D7DA6BB307ABC1603501 /* Pods-SDOSKeyedCodableSample.debug.xcconfig */,
				AD7C4B16AFF9994FC5DF6759 /* Pods-SDOSKeyedCodableSample.release.xcconfig */,
			);
			name = Pods;
			sourceTree = "<group>";
		};
		5C2E189C22169C0700D1D08E /* OptionalArrayElements */ = {
			isa = PBXGroup;
			children = (
				5C2E189D22169C1500D1D08E /* optionalArrayElements.txt */,
				5C2E189E22169C3200D1D08E /* SimpleElementDTO.swift */,
			);
			path = OptionalArrayElements;
			sourceTree = "<group>";
		};
		5C2E18A12216BBC700D1D08E /* KeyOptions */ = {
			isa = PBXGroup;
			children = (
				5C2E18A22216BBD400D1D08E /* keyOptions.txt */,
				5C2E18A32216BBD400D1D08E /* KeyOptionsExampleDTO.swift */,
			);
			path = KeyOptions;
			sourceTree = "<group>";
		};
		5C38031D221575F7004F1AE2 /* Libs */ = {
			isa = PBXGroup;
			children = (
				5C38031E22157605004F1AE2 /* IndentedObject.swift */,
			);
			path = Libs;
			sourceTree = "<group>";
		};
		5C8068E9221408A400FFACC3 /* App */ = {
			isa = PBXGroup;
			children = (
				5C8068F0221408A400FFACC3 /* AppDelegate.swift */,
				5CBF458A221554D5001152B6 /* Model */,
				5C8068FF22140CD500FFACC3 /* Controllers */,
				5C8068F82214096500FFACC3 /* Configuration */,
				5C80690222140D1A00FFACC3 /* Other */,
			);
			path = App;
			sourceTree = "<group>";
		};
		5C8068F82214096500FFACC3 /* Configuration */ = {
			isa = PBXGroup;
			children = (
				5C8068F1221408A400FFACC3 /* Info.plist */,
				5C8068F92214097100FFACC3 /* Profiles */,
			);
			path = Configuration;
			sourceTree = "<group>";
		};
		5C8068F92214097100FFACC3 /* Profiles */ = {
			isa = PBXGroup;
			children = (
				5C8068FE22140A3A00FFACC3 /* App.debug.xcconfig */,
				5C8068FB2214098900FFACC3 /* Shared.xcconfig */,
			);
			path = Profiles;
			sourceTree = "<group>";
		};
		5C8068FF22140CD500FFACC3 /* Controllers */ = {
			isa = PBXGroup;
			children = (
				5C80690022140CE600FFACC3 /* Controllers */,
				5C80690122140CED00FFACC3 /* Storyboards */,
			);
			path = Controllers;
			sourceTree = "<group>";
		};
		5C80690022140CE600FFACC3 /* Controllers */ = {
			isa = PBXGroup;
			children = (
				5C8068EA221408A400FFACC3 /* InitialViewController.swift */,
				5CBF4588221553FB001152B6 /* ExampleListViewController.swift */,
				5CBF4593221562E3001152B6 /* ExampleDetailViewController.swift */,
			);
			path = Controllers;
			sourceTree = "<group>";
		};
		5C80690122140CED00FFACC3 /* Storyboards */ = {
			isa = PBXGroup;
			children = (
				5C8068EB221408A400FFACC3 /* LaunchScreen.xib */,
				5C8068ED221408A400FFACC3 /* Main.storyboard */,
			);
			path = Storyboards;
			sourceTree = "<group>";
		};
		5C80690222140D1A00FFACC3 /* Other */ = {
			isa = PBXGroup;
			children = (
				5C38031D221575F7004F1AE2 /* Libs */,
				5C806907221420B300FFACC3 /* Constants */,
				5C80690A221421B000FFACC3 /* Localization */,
				5C80690322140D3700FFACC3 /* Resources */,
			);
			path = Other;
			sourceTree = "<group>";
		};
		5C80690322140D3700FFACC3 /* Resources */ = {
			isa = PBXGroup;
			children = (
				5C8068EF221408A400FFACC3 /* Images.xcassets */,
				5C80690522140F8A00FFACC3 /* AppIcon.xcassets */,
			);
			path = Resources;
			sourceTree = "<group>";
		};
		5C806907221420B300FFACC3 /* Constants */ = {
			isa = PBXGroup;
			children = (
				5C806908221420C100FFACC3 /* Constants.swift */,
			);
			path = Constants;
			sourceTree = "<group>";
		};
		5C80690A221421B000FFACC3 /* Localization */ = {
			isa = PBXGroup;
			children = (
				5C80690F221421EF00FFACC3 /* Localizable.strings */,
			);
			path = Localization;
			sourceTree = "<group>";
		};
		5CA9C9622215BD69003EF197 /* AllKeys */ = {
			isa = PBXGroup;
			children = (
				5CA9C9632215BD70003EF197 /* allKeys.txt */,
				5CA9C9652215BE39003EF197 /* PaymentMethodDTO.swift */,
			);
			path = AllKeys;
			sourceTree = "<group>";
		};
		5CB99C96228BE20300E829F6 /* ArrayMapping */ = {
			isa = PBXGroup;
			children = (
				5CB99C97228BE20300E829F6 /* arrayMapping.txt */,
				5CB99C99228BE21900E829F6 /* CountryNames.swift */,
			);
			path = ArrayMapping;
			sourceTree = "<group>";
		};
		5CBF458A221554D5001152B6 /* Model */ = {
			isa = PBXGroup;
			children = (
				5C380320221577A7004F1AE2 /* ExampleProtocol.swift */,
				5CB99C96228BE20300E829F6 /* ArrayMapping */,
				5CC4DDDB22896E9F0044044A /* BoolSpecialCase */,
				5CBF459022155BD2001152B6 /* FlatJSON */,
				5CA9C9622215BD69003EF197 /* AllKeys */,
				5C2E189C22169C0700D1D08E /* OptionalArrayElements */,
				5C2E18A12216BBC700D1D08E /* KeyOptions */,
				5CBF458B221554FB001152B6 /* ExampleModel.swift */,
			);
			path = Model;
			sourceTree = "<group>";
		};
		5CBF459022155BD2001152B6 /* FlatJSON */ = {
			isa = PBXGroup;
			children = (
				5CBF458E221558DE001152B6 /* flatJSON.txt */,
				5CBF459122155C16001152B6 /* ShopDTO.swift */,
			);
			path = FlatJSON;
			sourceTree = "<group>";
		};
		5CC4DDDB22896E9F0044044A /* BoolSpecialCase */ = {
			isa = PBXGroup;
			children = (
				5CC4DDDC22896ECA0044044A /* boolSpecialCase.txt */,
				5CC4DDDD22896EE00044044A /* BoolSpecialCase.swift */,
			);
			path = BoolSpecialCase;
			sourceTree = "<group>";
		};
		607FACC71AFB9204008FA782 = {
			isa = PBXGroup;
			children = (
				5C8068E9221408A400FFACC3 /* App */,
				607FACD11AFB9204008FA782 /* Products */,
				49145DB21239E111ABC2B147 /* Pods */,
				DEB9F953848044395FD43584 /* Frameworks */,
			);
			sourceTree = "<group>";
		};
		607FACD11AFB9204008FA782 /* Products */ = {
			isa = PBXGroup;
			children = (
				607FACD01AFB9204008FA782 /* SDOSKeyedCodableSample.app */,
			);
			name = Products;
			sourceTree = "<group>";
		};
		DEB9F953848044395FD43584 /* Frameworks */ = {
			isa = PBXGroup;
			children = (
				511E497A2B99D6922EC7B91C /* libPods-SDOSKeyedCodable_Example.a */,
				A5660432DFFFA437B81E8FFC /* libPods-SDOSKeyedCodableSample.a */,
			);
			name = Frameworks;
			sourceTree = "<group>";
		};
/* End PBXGroup section */

/* Begin PBXNativeTarget section */
		607FACCF1AFB9204008FA782 /* SDOSKeyedCodableSample */ = {
			isa = PBXNativeTarget;
			buildConfigurationList = 607FACEF1AFB9204008FA782 /* Build configuration list for PBXNativeTarget "SDOSKeyedCodableSample" */;
			buildPhases = (
				B38051EDC8242D0DC07D6342 /* [CP] Check Pods Manifest.lock */,
				5CC7B7262243E7D60034969C /* XcodeVersion */,
				607FACCC1AFB9204008FA782 /* Sources */,
				607FACCD1AFB9204008FA782 /* Frameworks */,
				607FACCE1AFB9204008FA782 /* Resources */,
			);
			buildRules = (
			);
			dependencies = (
			);
			name = SDOSKeyedCodableSample;
			productName = SDOSKeyedCodable;
			productReference = 607FACD01AFB9204008FA782 /* SDOSKeyedCodableSample.app */;
			productType = "com.apple.product-type.application";
		};
/* End PBXNativeTarget section */

/* Begin PBXProject section */
		607FACC81AFB9204008FA782 /* Project object */ = {
			isa = PBXProject;
			attributes = {
				LastSwiftUpdateCheck = 0830;
				LastUpgradeCheck = 0830;
				ORGANIZATIONNAME = SDOS;
				TargetAttributes = {
					607FACCF1AFB9204008FA782 = {
						CreatedOnToolsVersion = 6.3.1;
						DevelopmentTeam = Y5G9RYLF8Y;
						LastSwiftMigration = 0900;
						ProvisioningStyle = Manual;
					};
				};
			};
			buildConfigurationList = 607FACCB1AFB9204008FA782 /* Build configuration list for PBXProject "SDOSKeyedCodableSample" */;
			compatibilityVersion = "Xcode 3.2";
			developmentRegion = English;
			hasScannedForEncodings = 0;
			knownRegions = (
				English,
				en,
				Base,
			);
			mainGroup = 607FACC71AFB9204008FA782;
			productRefGroup = 607FACD11AFB9204008FA782 /* Products */;
			projectDirPath = "";
			projectRoot = "";
			targets = (
				607FACCF1AFB9204008FA782 /* SDOSKeyedCodableSample */,
			);
		};
/* End PBXProject section */

/* Begin PBXResourcesBuildPhase section */
		607FACCE1AFB9204008FA782 /* Resources */ = {
			isa = PBXResourcesBuildPhase;
			buildActionMask = 2147483647;
			files = (
				5CC4DDDF2289745A0044044A /* boolSpecialCase.txt in Resources */,
				5C80690622140F8A00FFACC3 /* AppIcon.xcassets in Resources */,
				5CBF458F221558DE001152B6 /* flatJSON.txt in Resources */,
				5C80690D221421EF00FFACC3 /* Localizable.strings in Resources */,
				5C8068F5221408A400FFACC3 /* Images.xcassets in Resources */,
				5CB99C98228BE20400E829F6 /* arrayMapping.txt in Resources */,
				5C8068F3221408A400FFACC3 /* LaunchScreen.xib in Resources */,
				5C8068F4221408A400FFACC3 /* Main.storyboard in Resources */,
				5C2E18A02216ADB100D1D08E /* optionalArrayElements.txt in Resources */,
				5CA9C9642215BD7D003EF197 /* allKeys.txt in Resources */,
				5C8068FD2214098900FFACC3 /* Shared.xcconfig in Resources */,
				5C2E18A42216BBDD00D1D08E /* keyOptions.txt in Resources */,
			);
			runOnlyForDeploymentPostprocessing = 0;
		};
/* End PBXResourcesBuildPhase section */

/* Begin PBXShellScriptBuildPhase section */
		5CC7B7262243E7D60034969C /* XcodeVersion */ = {
			isa = PBXShellScriptBuildPhase;
			buildActionMask = 2147483647;
			files = (
			);
			inputFileListPaths = (
			);
			inputPaths = (
			);
			name = XcodeVersion;
			outputFileListPaths = (
			);
			outputPaths = (
			);
			runOnlyForDeploymentPostprocessing = 0;
			shellPath = /bin/sh;
			shellScript = "file=\"$SRCROOT/XcodeVersion.properties\"\n\n# create file if it does not exist\ntouch \"${file}\"\n\n# if file does not exist or it is not readable -> error\nif [ ! -r \"${file}\" ]\nthen\necho \"error: Could not create file: ${file} (see the Xcode Version script in Build Phases)\"\nerror -1\nfi\n# read the keys and values in the file\nwhile IFS='=' read -r key value\ndo\neval \"${key}='${value}'\"\ndone < \"${file}\"\n\n# if not defined the keys: XCODE_VERSION_MAJOR_REQUIRED, XCODE_VERSION_MINOR_REQUIRED, XCODE_VERSION_ACTUAL_REQUIRED\nif ([ -z ${XCODE_VERSION_MAJOR_REQUIRED:+\"1\"} ] || [ -z ${XCODE_VERSION_MINOR_REQUIRED:+\"1\"} ] || [ -z ${XCODE_VERSION_ACTUAL_REQUIRED:+\"1\"} ])\nthen\necho \"XCODE_VERSION_MAJOR_REQUIRED=${XCODE_VERSION_MAJOR}\" > \"${file}\"\necho \"XCODE_VERSION_MINOR_REQUIRED=${XCODE_VERSION_MINOR}\" >> \"${file}\"\necho \"XCODE_VERSION_ACTUAL_REQUIRED=${XCODE_VERSION_ACTUAL}\" >> \"${file}\"\n\necho \"warning: Required Xcode version set to ${XCODE_VERSION_ACTUAL} in this project. If you want to build this project with a different version of Xcode, please remove XcodeVersion.properties file\"\nelif [ ${XCODE_VERSION_MAJOR_REQUIRED} != ${XCODE_VERSION_MAJOR} ]\nthen\necho \"error: The required version of Xcode to run this project is ${XCODE_VERSION_MAJOR_REQUIRED} and the current version of Xcode is ${XCODE_VERSION_MAJOR}. If you want to build this project with a different version of Xcode, please remove XcodeVersion.properties file\"\nerror 0\nelif ([ ${XCODE_VERSION_MINOR_REQUIRED} != ${XCODE_VERSION_MINOR} ] || [ ${XCODE_VERSION_ACTUAL_REQUIRED} != ${XCODE_VERSION_ACTUAL} ])\nthen\necho \"warning: XCODE VERSION CONFLICT: The required version of Xcode to run this project is ${XCODE_VERSION_ACTUAL_REQUIRED} and the current version of Xcode is ${XCODE_VERSION_ACTUAL}. This might cause some problems at runtime.\"\nfi\n";
		};
		B38051EDC8242D0DC07D6342 /* [CP] Check Pods Manifest.lock */ = {
			isa = PBXShellScriptBuildPhase;
			buildActionMask = 2147483647;
			files = (
			);
			inputFileListPaths = (
			);
			inputPaths = (
				"${PODS_PODFILE_DIR_PATH}/Podfile.lock",
				"${PODS_ROOT}/Manifest.lock",
			);
			name = "[CP] Check Pods Manifest.lock";
			outputFileListPaths = (
			);
			outputPaths = (
				"$(DERIVED_FILE_DIR)/Pods-SDOSKeyedCodableSample-checkManifestLockResult.txt",
			);
			runOnlyForDeploymentPostprocessing = 0;
			shellPath = /bin/sh;
			shellScript = "diff \"${PODS_PODFILE_DIR_PATH}/Podfile.lock\" \"${PODS_ROOT}/Manifest.lock\" > /dev/null\nif [ $? != 0 ] ; then\n    # print error to STDERR\n    echo \"error: The sandbox is not in sync with the Podfile.lock. Run 'pod install' or update your CocoaPods installation.\" >&2\n    exit 1\nfi\n# This output is used by Xcode 'outputs' to avoid re-running this script phase.\necho \"SUCCESS\" > \"${SCRIPT_OUTPUT_FILE_0}\"\n";
			showEnvVarsInLog = 0;
		};
/* End PBXShellScriptBuildPhase section */

/* Begin PBXSourcesBuildPhase section */
		607FACCC1AFB9204008FA782 /* Sources */ = {
			isa = PBXSourcesBuildPhase;
			buildActionMask = 2147483647;
			files = (
				5CBF4594221562E3001152B6 /* ExampleDetailViewController.swift in Sources */,
				5C38031F22157605004F1AE2 /* IndentedObject.swift in Sources */,
				5CC4DDDE228971360044044A /* BoolSpecialCase.swift in Sources */,
				5C8068F6221408A400FFACC3 /* AppDelegate.swift in Sources */,
				5CBF458C221554FB001152B6 /* ExampleModel.swift in Sources */,
				5CBF4589221553FB001152B6 /* ExampleListViewController.swift in Sources */,
				5C380321221577A7004F1AE2 /* ExampleProtocol.swift in Sources */,
				5CBF459222155C16001152B6 /* ShopDTO.swift in Sources */,
				5C8068F2221408A400FFACC3 /* InitialViewController.swift in Sources */,
				5C806909221420C100FFACC3 /* Constants.swift in Sources */,
				5C2E18A52216BE0C00D1D08E /* KeyOptionsExampleDTO.swift in Sources */,
				5CB99C9A228BE21900E829F6 /* CountryNames.swift in Sources */,
				5CA9C9662215BE39003EF197 /* PaymentMethodDTO.swift in Sources */,
				5C2E189F22169FF700D1D08E /* SimpleElementDTO.swift in Sources */,
			);
			runOnlyForDeploymentPostprocessing = 0;
		};
/* End PBXSourcesBuildPhase section */

/* Begin PBXVariantGroup section */
		5C8068EB221408A400FFACC3 /* LaunchScreen.xib */ = {
			isa = PBXVariantGroup;
			children = (
				5C8068EC221408A400FFACC3 /* Base */,
			);
			name = LaunchScreen.xib;
			sourceTree = "<group>";
		};
		5C8068ED221408A400FFACC3 /* Main.storyboard */ = {
			isa = PBXVariantGroup;
			children = (
				5C8068EE221408A400FFACC3 /* Base */,
			);
			name = Main.storyboard;
			sourceTree = "<group>";
		};
		5C80690F221421EF00FFACC3 /* Localizable.strings */ = {
			isa = PBXVariantGroup;
			children = (
				5C80690E221421EF00FFACC3 /* en */,
			);
			name = Localizable.strings;
			sourceTree = "<group>";
		};
/* End PBXVariantGroup section */

/* Begin XCBuildConfiguration section */
		607FACED1AFB9204008FA782 /* Debug */ = {
			isa = XCBuildConfiguration;
			baseConfigurationReference = 5C8068FE22140A3A00FFACC3 /* App.debug.xcconfig */;
			buildSettings = {
				ALWAYS_SEARCH_USER_PATHS = NO;
				CLANG_CXX_LANGUAGE_STANDARD = "gnu++0x";
				CLANG_CXX_LIBRARY = "libc++";
				CLANG_ENABLE_MODULES = YES;
				CLANG_ENABLE_OBJC_ARC = YES;
				CLANG_WARN_BLOCK_CAPTURE_AUTORELEASING = YES;
				CLANG_WARN_BOOL_CONVERSION = YES;
				CLANG_WARN_COMMA = YES;
				CLANG_WARN_CONSTANT_CONVERSION = YES;
				CLANG_WARN_DIRECT_OBJC_ISA_USAGE = YES_ERROR;
				CLANG_WARN_EMPTY_BODY = YES;
				CLANG_WARN_ENUM_CONVERSION = YES;
				CLANG_WARN_INFINITE_RECURSION = YES;
				CLANG_WARN_INT_CONVERSION = YES;
				CLANG_WARN_NON_LITERAL_NULL_CONVERSION = YES;
				CLANG_WARN_OBJC_LITERAL_CONVERSION = YES;
				CLANG_WARN_OBJC_ROOT_CLASS = YES_ERROR;
				CLANG_WARN_RANGE_LOOP_ANALYSIS = YES;
				CLANG_WARN_STRICT_PROTOTYPES = YES;
				CLANG_WARN_SUSPICIOUS_MOVE = YES;
				CLANG_WARN_UNREACHABLE_CODE = YES;
				CLANG_WARN__DUPLICATE_METHOD_MATCH = YES;
				"CODE_SIGN_IDENTITY[sdk=iphoneos*]" = "iPhone Developer";
				COPY_PHASE_STRIP = NO;
				DEBUG_INFORMATION_FORMAT = "dwarf-with-dsym";
				ENABLE_STRICT_OBJC_MSGSEND = YES;
				ENABLE_TESTABILITY = YES;
				GCC_C_LANGUAGE_STANDARD = gnu99;
				GCC_DYNAMIC_NO_PIC = NO;
				GCC_NO_COMMON_BLOCKS = YES;
				GCC_OPTIMIZATION_LEVEL = 0;
				GCC_PREPROCESSOR_DEFINITIONS = (
					"DEBUG=1",
					"$(inherited)",
				);
				GCC_SYMBOLS_PRIVATE_EXTERN = NO;
				GCC_WARN_64_TO_32_BIT_CONVERSION = YES;
				GCC_WARN_ABOUT_RETURN_TYPE = YES_ERROR;
				GCC_WARN_UNDECLARED_SELECTOR = YES;
				GCC_WARN_UNINITIALIZED_AUTOS = YES_AGGRESSIVE;
				GCC_WARN_UNUSED_FUNCTION = YES;
				GCC_WARN_UNUSED_VARIABLE = YES;
				IPHONEOS_DEPLOYMENT_TARGET = 9.0;
				MTL_ENABLE_DEBUG_INFO = YES;
				ONLY_ACTIVE_ARCH = YES;
				SDKROOT = iphoneos;
				SWIFT_OPTIMIZATION_LEVEL = "-Onone";
			};
			name = Debug;
		};
		607FACEE1AFB9204008FA782 /* Release */ = {
			isa = XCBuildConfiguration;
			baseConfigurationReference = 5C8068FE22140A3A00FFACC3 /* App.debug.xcconfig */;
			buildSettings = {
				ALWAYS_SEARCH_USER_PATHS = NO;
				CLANG_CXX_LANGUAGE_STANDARD = "gnu++0x";
				CLANG_CXX_LIBRARY = "libc++";
				CLANG_ENABLE_MODULES = YES;
				CLANG_ENABLE_OBJC_ARC = YES;
				CLANG_WARN_BLOCK_CAPTURE_AUTORELEASING = YES;
				CLANG_WARN_BOOL_CONVERSION = YES;
				CLANG_WARN_COMMA = YES;
				CLANG_WARN_CONSTANT_CONVERSION = YES;
				CLANG_WARN_DIRECT_OBJC_ISA_USAGE = YES_ERROR;
				CLANG_WARN_EMPTY_BODY = YES;
				CLANG_WARN_ENUM_CONVERSION = YES;
				CLANG_WARN_INFINITE_RECURSION = YES;
				CLANG_WARN_INT_CONVERSION = YES;
				CLANG_WARN_NON_LITERAL_NULL_CONVERSION = YES;
				CLANG_WARN_OBJC_LITERAL_CONVERSION = YES;
				CLANG_WARN_OBJC_ROOT_CLASS = YES_ERROR;
				CLANG_WARN_RANGE_LOOP_ANALYSIS = YES;
				CLANG_WARN_STRICT_PROTOTYPES = YES;
				CLANG_WARN_SUSPICIOUS_MOVE = YES;
				CLANG_WARN_UNREACHABLE_CODE = YES;
				CLANG_WARN__DUPLICATE_METHOD_MATCH = YES;
				"CODE_SIGN_IDENTITY[sdk=iphoneos*]" = "iPhone Developer";
				COPY_PHASE_STRIP = NO;
				DEBUG_INFORMATION_FORMAT = "dwarf-with-dsym";
				ENABLE_NS_ASSERTIONS = NO;
				ENABLE_STRICT_OBJC_MSGSEND = YES;
				GCC_C_LANGUAGE_STANDARD = gnu99;
				GCC_NO_COMMON_BLOCKS = YES;
				GCC_WARN_64_TO_32_BIT_CONVERSION = YES;
				GCC_WARN_ABOUT_RETURN_TYPE = YES_ERROR;
				GCC_WARN_UNDECLARED_SELECTOR = YES;
				GCC_WARN_UNINITIALIZED_AUTOS = YES_AGGRESSIVE;
				GCC_WARN_UNUSED_FUNCTION = YES;
				GCC_WARN_UNUSED_VARIABLE = YES;
				IPHONEOS_DEPLOYMENT_TARGET = 9.0;
				MTL_ENABLE_DEBUG_INFO = NO;
				SDKROOT = iphoneos;
				SWIFT_OPTIMIZATION_LEVEL = "-Owholemodule";
				VALIDATE_PRODUCT = YES;
			};
			name = Release;
		};
		607FACF01AFB9204008FA782 /* Debug */ = {
			isa = XCBuildConfiguration;
			baseConfigurationReference = 6734D7DA6BB307ABC1603501 /* Pods-SDOSKeyedCodableSample.debug.xcconfig */;
			buildSettings = {
				ASSETCATALOG_COMPILER_APPICON_NAME = "$(APP_ICON_ASSETS)";
				CODE_SIGN_STYLE = Manual;
				DEVELOPMENT_TEAM = Y5G9RYLF8Y;
				INFOPLIST_FILE = "$(SRCROOT)/App/Configuration/Info.plist";
				LD_RUNPATH_SEARCH_PATHS = "$(inherited) @executable_path/Frameworks";
				MODULE_NAME = ExampleApp;
				PRODUCT_BUNDLE_IDENTIFIER = "$(PRODUCT_PACKAGE_NAME)";
				PRODUCT_NAME = "$(TARGET_NAME)";
				PROVISIONING_PROFILE_SPECIFIER = "DEV Generic";
				SWIFT_SWIFT3_OBJC_INFERENCE = Default;
				SWIFT_VERSION = 5.0;
			};
			name = Debug;
		};
		607FACF11AFB9204008FA782 /* Release */ = {
			isa = XCBuildConfiguration;
			baseConfigurationReference = AD7C4B16AFF9994FC5DF6759 /* Pods-SDOSKeyedCodableSample.release.xcconfig */;
			buildSettings = {
				ASSETCATALOG_COMPILER_APPICON_NAME = "$(APP_ICON_ASSETS)";
				CODE_SIGN_STYLE = Manual;
				DEVELOPMENT_TEAM = "";
				INFOPLIST_FILE = "$(SRCROOT)/App/Configuration/Info.plist";
				LD_RUNPATH_SEARCH_PATHS = "$(inherited) @executable_path/Frameworks";
				MODULE_NAME = ExampleApp;
				PRODUCT_BUNDLE_IDENTIFIER = "$(PRODUCT_PACKAGE_NAME)";
				PRODUCT_NAME = "$(TARGET_NAME)";
				PROVISIONING_PROFILE_SPECIFIER = "";
				SWIFT_SWIFT3_OBJC_INFERENCE = Default;
				SWIFT_VERSION = 5.0;
			};
			name = Release;
		};
/* End XCBuildConfiguration section */

/* Begin XCConfigurationList section */
		607FACCB1AFB9204008FA782 /* Build configuration list for PBXProject "SDOSKeyedCodableSample" */ = {
			isa = XCConfigurationList;
			buildConfigurations = (
				607FACED1AFB9204008FA782 /* Debug */,
				607FACEE1AFB9204008FA782 /* Release */,
			);
			defaultConfigurationIsVisible = 0;
			defaultConfigurationName = Release;
		};
		607FACEF1AFB9204008FA782 /* Build configuration list for PBXNativeTarget "SDOSKeyedCodableSample" */ = {
			isa = XCConfigurationList;
			buildConfigurations = (
				607FACF01AFB9204008FA782 /* Debug */,
				607FACF11AFB9204008FA782 /* Release */,
			);
			defaultConfigurationIsVisible = 0;
			defaultConfigurationName = Release;
		};
/* End XCConfigurationList section */
	};
	rootObject = 607FACC81AFB9204008FA782 /* Project object */;
}
