PODS:
  - SDOS/Default (1.9.0):
    - SDOS/Default/Manager (= 1.9.0)
  - SDOS/Default/Manager (1.9.0)
  - SDOSKeyedCodable (1.0.0):
    - SDOSKeyedCodable/KeyedCodable (= 1.0.0)
  - SDOSKeyedCodable/KeyedCodable (1.0.0)

DEPENDENCIES:
  - SDOS/Default
  - SDOSKeyedCodable (from `../../`)

SPEC REPOS:
  http://git.sdos.es/ios/cocoapods-specs.git:
    - SDOS

EXTERNAL SOURCES:
  SDOSKeyedCodable:
    :path: "../../"

SPEC CHECKSUMS:
  SDOS: e5a5735fe68732a0ebcd18113040a89542b6f52b
  SDOSKeyedCodable: 9c27a86efa0627377e5e3471529dbb13af909eac

PODFILE CHECKSUM: d6cd58e9defe69e2a208f25462812634c0bfcc4f

COCOAPODS: 1.5.3
