PODS:
  - SDOSKeyedCodable (1.0.1):
    - SDOSKeyedCodable/KeyedCodable (= 1.0.1)
  - SDOSKeyedCodable/KeyedCodable (1.0.1)

DEPENDENCIES:
  - SDOSKeyedCodable (from `../../`)

EXTERNAL SOURCES:
  SDOSKeyedCodable:
    :path: "../../"

SPEC CHECKSUMS:
  SDOSKeyedCodable: 510f20ed013e5c54e8fee48ffe4035d1d5894325

PODFILE CHECKSUM: 9bc3db8c49caa98b6726add06816423e4a1f8809

COCOAPODS: 1.7.5
