PODS:
  - SDOSKeyedCodable (1.1.1):
    - SDOSKeyedCodable/KeyedCodable (= 1.1.1)
  - SDOSKeyedCodable/KeyedCodable (1.1.1)

DEPENDENCIES:
  - SDOSKeyedCodable (from `../../`)

EXTERNAL SOURCES:
  SDOSKeyedCodable:
    :path: "../../"

SPEC CHECKSUMS:
  SDOSKeyedCodable: ab2c67a68591756a035366d235e2174c9d23d31f

PODFILE CHECKSUM: 9bc3db8c49caa98b6726add06816423e4a1f8809

COCOAPODS: 1.9.3
